// !$*UTF8*$!
{
	archiveVersion = 1;
	classes = {
	};
	objectVersion = 46;
	objects = {

/* Begin PBXBuildFile section */
		4FA2F46D1E32E1AD00742F01 /* AppDelegate.swift in Sources */ = {isa = PBXBuildFile; fileRef = 4FA2F46C1E32E1AD00742F01 /* AppDelegate.swift */; };
		4FA2F46F1E32E1AD00742F01 /* ViewController.swift in Sources */ = {isa = PBXBuildFile; fileRef = 4FA2F46E1E32E1AD00742F01 /* ViewController.swift */; };
		4FA2F4721E32E1AD00742F01 /* Main.storyboard in Resources */ = {isa = PBXBuildFile; fileRef = 4FA2F4701E32E1AD00742F01 /* Main.storyboard */; };
		4FA2F4741E32E1AD00742F01 /* Assets.xcassets in Resources */ = {isa = PBXBuildFile; fileRef = 4FA2F4731E32E1AD00742F01 /* Assets.xcassets */; };
		4FA2F4771E32E1AD00742F01 /* LaunchScreen.storyboard in Resources */ = {isa = PBXBuildFile; fileRef = 4FA2F4751E32E1AD00742F01 /* LaunchScreen.storyboard */; };
/* End PBXBuildFile section */

/* Begin PBXFileReference section */
		4FA2F4691E32E1AD00742F01 /* s04RetroCalculator.app */ = {isa = PBXFileReference; explicitFileType = wrapper.application; includeInIndex = 0; path = s04RetroCalculator.app; sourceTree = BUILT_PRODUCTS_DIR; };
		4FA2F46C1E32E1AD00742F01 /* AppDelegate.swift */ = {isa = PBXFileReference; lastKnownFileType = sourcecode.swift; path = AppDelegate.swift; sourceTree = "<group>"; };
		4FA2F46E1E32E1AD00742F01 /* ViewController.swift */ = {isa = PBXFileReference; lastKnownFileType = sourcecode.swift; path = ViewController.swift; sourceTree = "<group>"; };
		4FA2F4711E32E1AD00742F01 /* Base */ = {isa = PBXFileReference; lastKnownFileType = file.storyboard; name = Base; path = Base.lproj/Main.storyboard; sourceTree = "<group>"; };
		4FA2F4731E32E1AD00742F01 /* Assets.xcassets */ = {isa = PBXFileReference; lastKnownFileType = folder.assetcatalog; path = Assets.xcassets; sourceTree = "<group>"; };
		4FA2F4761E32E1AD00742F01 /* Base */ = {isa = PBXFileReference; lastKnownFileType = file.storyboard; name = Base; path = Base.lproj/LaunchScreen.storyboard; sourceTree = "<group>"; };
		4FA2F4781E32E1AD00742F01 /* Info.plist */ = {isa = PBXFileReference; lastKnownFileType = text.plist.xml; path = Info.plist; sourceTree = "<group>"; };
/* End PBXFileReference section */

/* Begin PBXFrameworksBuildPhase section */
		4FA2F4661E32E1AD00742F01 /* Frameworks */ = {
			isa = PBXFrameworksBuildPhase;
			buildActionMask = 2147483647;
			files = (
			);
			runOnlyForDeploymentPostprocessing = 0;
		};
/* End PBXFrameworksBuildPhase section */

/* Begin PBXGroup section */
		4FA2F4601E32E1AD00742F01 = {
			isa = PBXGroup;
			children = (
				4FA2F46B1E32E1AD00742F01 /* s04RetroCalculator */,
				4FA2F46A1E32E1AD00742F01 /* Products */,
			);
			sourceTree = "<group>";
		};
		4FA2F46A1E32E1AD00742F01 /* Products */ = {
			isa = PBXGroup;
			children = (
				4FA2F4691E32E1AD00742F01 /* s04RetroCalculator.app */,
			);
			name = Products;
			sourceTree = "<group>";
		};
		4FA2F46B1E32E1AD00742F01 /* s04RetroCalculator */ = {
			isa = PBXGroup;
			children = (
				4FA2F46C1E32E1AD00742F01 /* AppDelegate.swift */,
				4FA2F46E1E32E1AD00742F01 /* ViewController.swift */,
				4FA2F4701E32E1AD00742F01 /* Main.storyboard */,
				4FA2F4731E32E1AD00742F01 /* Assets.xcassets */,
				4FA2F4751E32E1AD00742F01 /* LaunchScreen.storyboard */,
				4FA2F4781E32E1AD00742F01 /* Info.plist */,
			);
			path = s04RetroCalculator;
			sourceTree = "<group>";
		};
/* End PBXGroup section */

/* Begin PBXNativeTarget section */
		4FA2F4681E32E1AD00742F01 /* s04RetroCalculator */ = {
			isa = PBXNativeTarget;
			buildConfigurationList = 4FA2F47B1E32E1AD00742F01 /* Build configuration list for PBXNativeTarget "s04RetroCalculator" */;
			buildPhases = (
				4FA2F4651E32E1AD00742F01 /* Sources */,
				4FA2F4661E32E1AD00742F01 /* Frameworks */,
				4FA2F4671E32E1AD00742F01 /* Resources */,
			);
			buildRules = (
			);
			dependencies = (
			);
			name = s04RetroCalculator;
			productName = s04RetroCalculator;
			productReference = 4FA2F4691E32E1AD00742F01 /* s04RetroCalculator.app */;
			productType = "com.apple.product-type.application";
		};
/* End PBXNativeTarget section */

/* Begin PBXProject section */
		4FA2F4611E32E1AD00742F01 /* Project object */ = {
			isa = PBXProject;
			attributes = {
				LastSwiftUpdateCheck = 0810;
				LastUpgradeCheck = 0810;
				ORGANIZATIONNAME = "Bernadette P";
				TargetAttributes = {
					4FA2F4681E32E1AD00742F01 = {
						CreatedOnToolsVersion = 8.1;
						ProvisioningStyle = Automatic;
					};
				};
			};
			buildConfigurationList = 4FA2F4641E32E1AD00742F01 /* Build configuration list for PBXProject "s04RetroCalculator" */;
			compatibilityVersion = "Xcode 3.2";
			developmentRegion = English;
			hasScannedForEncodings = 0;
			knownRegions = (
				en,
				Base,
			);
			mainGroup = 4FA2F4601E32E1AD00742F01;
			productRefGroup = 4FA2F46A1E32E1AD00742F01 /* Products */;
			projectDirPath = "";
			projectRoot = "";
			targets = (
				4FA2F4681E32E1AD00742F01 /* s04RetroCalculator */,
			);
		};
/* End PBXProject section */

/* Begin PBXResourcesBuildPhase section */
		4FA2F4671E32E1AD00742F01 /* Resources */ = {
			isa = PBXResourcesBuildPhase;
			buildActionMask = 2147483647;
			files = (
				4FA2F4771E32E1AD00742F01 /* LaunchScreen.storyboard in Resources */,
				4FA2F4741E32E1AD00742F01 /* Assets.xcassets in Resources */,
				4FA2F4721E32E1AD00742F01 /* Main.storyboard in Resources */,
			);
			runOnlyForDeploymentPostprocessing = 0;
		};
/* End PBXResourcesBuildPhase section */

/* Begin PBXSourcesBuildPhase section */
		4FA2F4651E32E1AD00742F01 /* Sources */ = {
			isa = PBXSourcesBuildPhase;
			buildActionMask = 2147483647;
			files = (
				4FA2F46F1E32E1AD00742F01 /* ViewController.swift in Sources */,
				4FA2F46D1E32E1AD00742F01 /* AppDelegate.swift in Sources */,
			);
			runOnlyForDeploymentPostprocessing = 0;
		};
/* End PBXSourcesBuildPhase section */

/* Begin PBXVariantGroup section */
		4FA2F4701E32E1AD00742F01 /* Main.storyboard */ = {
			isa = PBXVariantGroup;
			children = (
				4FA2F4711E32E1AD00742F01 /* Base */,
			);
			name = Main.storyboard;
			sourceTree = "<group>";
		};
		4FA2F4751E32E1AD00742F01 /* LaunchScreen.storyboard */ = {
			isa = PBXVariantGroup;
			children = (
				4FA2F4761E32E1AD00742F01 /* Base */,
			);
			name = LaunchScreen.storyboard;
			sourceTree = "<group>";
		};
/* End PBXVariantGroup section */

/* Begin XCBuildConfiguration section */
		4FA2F4791E32E1AD00742F01 /* Debug */ = {
			isa = XCBuildConfiguration;
			buildSettings = {
				ALWAYS_SEARCH_USER_PATHS = NO;
				CLANG_ANALYZER_NONNULL = YES;
				CLANG_CXX_LANGUAGE_STANDARD = "gnu++0x";
				CLANG_CXX_LIBRARY = "libc++";
				CLANG_ENABLE_MODULES = YES;
				CLANG_ENABLE_OBJC_ARC = YES;
				CLANG_WARN_BOOL_CONVERSION = YES;
				CLANG_WARN_CONSTANT_CONVERSION = YES;
				CLANG_WARN_DIRECT_OBJC_ISA_USAGE = YES_ERROR;
				CLANG_WARN_DOCUMENTATION_COMMENTS = YES;
				CLANG_WARN_EMPTY_BODY = YES;
				CLANG_WARN_ENUM_CONVERSION = YES;
				CLANG_WARN_INFINITE_RECURSION = YES;
				CLANG_WARN_INT_CONVERSION = YES;
				CLANG_WARN_OBJC_ROOT_CLASS = YES_ERROR;
				CLANG_WARN_SUSPICIOUS_MOVES = YES;
				CLANG_WARN_UNREACHABLE_CODE = YES;
				CLANG_WARN__DUPLICATE_METHOD_MATCH = YES;
				"CODE_SIGN_IDENTITY[sdk=iphoneos*]" = "iPhone Developer";
				COPY_PHASE_STRIP = NO;
				DEBUG_INFORMATION_FORMAT = dwarf;
				ENABLE_STRICT_OBJC_MSGSEND = YES;
				ENABLE_TESTABILITY = YES;
				GCC_C_LANGUAGE_STANDARD = gnu99;
				GCC_DYNAMIC_NO_PIC = NO;
				GCC_NO_COMMON_BLOCKS = YES;
				GCC_OPTIMIZATION_LEVEL = 0;
				GCC_PREPROCESSOR_DEFINITIONS = (
					"DEBUG=1",
					"$(inherited)",
				);
				GCC_WARN_64_TO_32_BIT_CONVERSION = YES;
				GCC_WARN_ABOUT_RETURN_TYPE = YES_ERROR;
				GCC_WARN_UNDECLARED_SELECTOR = YES;
				GCC_WARN_UNINITIALIZED_AUTOS = YES_AGGRESSIVE;
				GCC_WARN_UNUSED_FUNCTION = YES;
				GCC_WARN_UNUSED_VARIABLE = YES;
				IPHONEOS_DEPLOYMENT_TARGET = 10.1;
				MTL_ENABLE_DEBUG_INFO = YES;
				ONLY_ACTIVE_ARCH = YES;
				SDKROOT = iphoneos;
				SWIFT_ACTIVE_COMPILATION_CONDITIONS = DEBUG;
				SWIFT_OPTIMIZATION_LEVEL = "-Onone";
				TARGETED_DEVICE_FAMILY = "1,2";
			};
			name = Debug;
		};
		4FA2F47A1E32E1AD00742F01 /* Release */ = {
			isa = XCBuildConfiguration;
			buildSettings = {
				ALWAYS_SEARCH_USER_PATHS = NO;
				CLANG_ANALYZER_NONNULL = YES;
				CLANG_CXX_LANGUAGE_STANDARD = "gnu++0x";
				CLANG_CXX_LIBRARY = "libc++";
				CLANG_ENABLE_MODULES = YES;
				CLANG_ENABLE_OBJC_ARC = YES;
				CLANG_WARN_BOOL_CONVERSION = YES;
				CLANG_WARN_CONSTANT_CONVERSION = YES;
				CLANG_WARN_DIRECT_OBJC_ISA_USAGE = YES_ERROR;
				CLANG_WARN_DOCUMENTATION_COMMENTS = YES;
				CLANG_WARN_EMPTY_BODY = YES;
				CLANG_WARN_ENUM_CONVERSION = YES;
				CLANG_WARN_INFINITE_RECURSION = YES;
				CLANG_WARN_INT_CONVERSION = YES;
				CLANG_WARN_OBJC_ROOT_CLASS = YES_ERROR;
				CLANG_WARN_SUSPICIOUS_MOVES = YES;
				CLANG_WARN_UNREACHABLE_CODE = YES;
				CLANG_WARN__DUPLICATE_METHOD_MATCH = YES;
				"CODE_SIGN_IDENTITY[sdk=iphoneos*]" = "iPhone Developer";
				COPY_PHASE_STRIP = NO;
				DEBUG_INFORMATION_FORMAT = "dwarf-with-dsym";
				ENABLE_NS_ASSERTIONS = NO;
				ENABLE_STRICT_OBJC_MSGSEND = YES;
				GCC_C_LANGUAGE_STANDARD = gnu99;
				GCC_NO_COMMON_BLOCKS = YES;
				GCC_WARN_64_TO_32_BIT_CONVERSION = YES;
				GCC_WARN_ABOUT_RETURN_TYPE = YES_ERROR;
				GCC_WARN_UNDECLARED_SELECTOR = YES;
				GCC_WARN_UNINITIALIZED_AUTOS = YES_AGGRESSIVE;
				GCC_WARN_UNUSED_FUNCTION = YES;
				GCC_WARN_UNUSED_VARIABLE = YES;
				IPHONEOS_DEPLOYMENT_TARGET = 10.1;
				MTL_ENABLE_DEBUG_INFO = NO;
				SDKROOT = iphoneos;
				SWIFT_OPTIMIZATION_LEVEL = "-Owholemodule";
				TARGETED_DEVICE_FAMILY = "1,2";
				VALIDATE_PRODUCT = YES;
			};
			name = Release;
		};
		4FA2F47C1E32E1AD00742F01 /* Debug */ = {
			isa = XCBuildConfiguration;
			buildSettings = {
				ASSETCATALOG_COMPILER_APPICON_NAME = AppIcon;
				INFOPLIST_FILE = s04RetroCalculator/Info.plist;
				LD_RUNPATH_SEARCH_PATHS = "$(inherited) @executable_path/Frameworks";
				PRODUCT_BUNDLE_IDENTIFIER = com.planabernadette.s04RetroCalculator;
				PRODUCT_NAME = "$(TARGET_NAME)";
				SWIFT_VERSION = 3.0;
			};
			name = Debug;
		};
		4FA2F47D1E32E1AD00742F01 /* Release */ = {
			isa = XCBuildConfiguration;
			buildSettings = {
				ASSETCATALOG_COMPILER_APPICON_NAME = AppIcon;
				INFOPLIST_FILE = s04RetroCalculator/Info.plist;
				LD_RUNPATH_SEARCH_PATHS = "$(inherited) @executable_path/Frameworks";
				PRODUCT_BUNDLE_IDENTIFIER = com.planabernadette.s04RetroCalculator;
				PRODUCT_NAME = "$(TARGET_NAME)";
				SWIFT_VERSION = 3.0;
			};
			name = Release;
		};
/* End XCBuildConfiguration section */

/* Begin XCConfigurationList section */
		4FA2F4641E32E1AD00742F01 /* Build configuration list for PBXProject "s04RetroCalculator" */ = {
			isa = XCConfigurationList;
			buildConfigurations = (
				4FA2F4791E32E1AD00742F01 /* Debug */,
				4FA2F47A1E32E1AD00742F01 /* Release */,
			);
			defaultConfigurationIsVisible = 0;
			defaultConfigurationName = Release;
		};
		4FA2F47B1E32E1AD00742F01 /* Build configuration list for PBXNativeTarget "s04RetroCalculator" */ = {
			isa = XCConfigurationList;
			buildConfigurations = (
				4FA2F47C1E32E1AD00742F01 /* Debug */,
				4FA2F47D1E32E1AD00742F01 /* Release */,
			);
			defaultConfigurationIsVisible = 0;
		};
/* End XCConfigurationList section */
	};
	rootObject = 4FA2F4611E32E1AD00742F01 /* Project object */;
}
